// !$*UTF8*$!
{
	archiveVersion = 1;
	classes = {
	};
	objectVersion = 50;
	objects = {

/* Begin PBXBuildFile section */
		5AAC2B12264ABBC900A9B9B1 /* AppDelegate.swift in Sources */ = {isa = PBXBuildFile; fileRef = 5AAC2B11264ABBC900A9B9B1 /* AppDelegate.swift */; };
		5AAC2B14264ABBC900A9B9B1 /* SceneDelegate.swift in Sources */ = {isa = PBXBuildFile; fileRef = 5AAC2B13264ABBC900A9B9B1 /* SceneDelegate.swift */; };
		5AAC2B16264ABBC900A9B9B1 /* ViewController.swift in Sources */ = {isa = PBXBuildFile; fileRef = 5AAC2B15264ABBC900A9B9B1 /* ViewController.swift */; };
		5AAC2B19264ABBC900A9B9B1 /* Main.storyboard in Resources */ = {isa = PBXBuildFile; fileRef = 5AAC2B17264ABBC900A9B9B1 /* Main.storyboard */; };
		5AAC2B1B264ABBD100A9B9B1 /* Assets.xcassets in Resources */ = {isa = PBXBuildFile; fileRef = 5AAC2B1A264ABBD100A9B9B1 /* Assets.xcassets */; };
		5AAC2B1E264ABBD100A9B9B1 /* LaunchScreen.storyboard in Resources */ = {isa = PBXBuildFile; fileRef = 5AAC2B1C264ABBD100A9B9B1 /* LaunchScreen.storyboard */; };
		5AAC2B29264ABBD100A9B9B1 /* GachaTests.swift in Sources */ = {isa = PBXBuildFile; fileRef = 5AAC2B28264ABBD100A9B9B1 /* GachaTests.swift */; };
		5AAC2B34264ABBD200A9B9B1 /* GachaUITests.swift in Sources */ = {isa = PBXBuildFile; fileRef = 5AAC2B33264ABBD200A9B9B1 /* GachaUITests.swift */; };
		5AAC2B46264ABF5C00A9B9B1 /* ResultViewController.swift in Sources */ = {isa = PBXBuildFile; fileRef = 5AAC2B45264ABF5C00A9B9B1 /* ResultViewController.swift */; };
		5AACB3AC264FF41E002635D0 /* bg_blue@2x.png in Resources */ = {isa = PBXBuildFile; fileRef = 5AACB392264FF41E002635D0 /* bg_blue@2x.png */; };
		5AACB3AD264FF41E002635D0 /* bg_gold@2x.png in Resources */ = {isa = PBXBuildFile; fileRef = 5AACB393264FF41E002635D0 /* bg_gold@2x.png */; };
		5AACB3AE264FF41E002635D0 /* gacha@2x.png in Resources */ = {isa = PBXBuildFile; fileRef = 5AACB394264FF41E002635D0 /* gacha@2x.png */; };
		5AACB3AF264FF41E002635D0 /* bg_red@2x.png in Resources */ = {isa = PBXBuildFile; fileRef = 5AACB395264FF41E002635D0 /* bg_red@2x.png */; };
		5AACB3BA264FF41E002635D0 /* monster005.png in Resources */ = {isa = PBXBuildFile; fileRef = 5AACB3A2264FF41E002635D0 /* monster005.png */; };
		5AACB3BB264FF41E002635D0 /* monster010.png in Resources */ = {isa = PBXBuildFile; fileRef = 5AACB3A3264FF41E002635D0 /* monster010.png */; };
		5AACB3BC264FF41E002635D0 /* monster004.png in Resources */ = {isa = PBXBuildFile; fileRef = 5AACB3A4264FF41E002635D0 /* monster004.png */; };
		5AACB3BD264FF41E002635D0 /* monster006.png in Resources */ = {isa = PBXBuildFile; fileRef = 5AACB3A5264FF41E002635D0 /* monster006.png */; };
		5AACB3BE264FF41E002635D0 /* monster007.png in Resources */ = {isa = PBXBuildFile; fileRef = 5AACB3A6264FF41E002635D0 /* monster007.png */; };
		5AACB3BF264FF41E002635D0 /* monster003.png in Resources */ = {isa = PBXBuildFile; fileRef = 5AACB3A7264FF41E002635D0 /* monster003.png */; };
		5AACB3C0264FF41E002635D0 /* monster002.png in Resources */ = {isa = PBXBuildFile; fileRef = 5AACB3A8264FF41E002635D0 /* monster002.png */; };
		5AACB3C1264FF41E002635D0 /* monster001.png in Resources */ = {isa = PBXBuildFile; fileRef = 5AACB3A9264FF41E002635D0 /* monster001.png */; };
		5AACB3C2264FF41E002635D0 /* monster009.png in Resources */ = {isa = PBXBuildFile; fileRef = 5AACB3AA264FF41E002635D0 /* monster009.png */; };
		5AACB3C3264FF41E002635D0 /* monster008.png in Resources */ = {isa = PBXBuildFile; fileRef = 5AACB3AB264FF41E002635D0 /* monster008.png */; };
/* End PBXBuildFile section */

/* Begin PBXContainerItemProxy section */
		5AAC2B25264ABBD100A9B9B1 /* PBXContainerItemProxy */ = {
			isa = PBXContainerItemProxy;
			containerPortal = 5AAC2B06264ABBC900A9B9B1 /* Project object */;
			proxyType = 1;
			remoteGlobalIDString = 5AAC2B0D264ABBC900A9B9B1;
			remoteInfo = Gacha;
		};
		5AAC2B30264ABBD200A9B9B1 /* PBXContainerItemProxy */ = {
			isa = PBXContainerItemProxy;
			containerPortal = 5AAC2B06264ABBC900A9B9B1 /* Project object */;
			proxyType = 1;
			remoteGlobalIDString = 5AAC2B0D264ABBC900A9B9B1;
			remoteInfo = Gacha;
		};
/* End PBXContainerItemProxy section */

/* Begin PBXFileReference section */
		5AAC2B0E264ABBC900A9B9B1 /* Gacha.app */ = {isa = PBXFileReference; explicitFileType = wrapper.application; includeInIndex = 0; path = Gacha.app; sourceTree = BUILT_PRODUCTS_DIR; };
		5AAC2B11264ABBC900A9B9B1 /* AppDelegate.swift */ = {isa = PBXFileReference; lastKnownFileType = sourcecode.swift; path = AppDelegate.swift; sourceTree = "<group>"; };
		5AAC2B13264ABBC900A9B9B1 /* SceneDelegate.swift */ = {isa = PBXFileReference; lastKnownFileType = sourcecode.swift; path = SceneDelegate.swift; sourceTree = "<group>"; };
		5AAC2B15264ABBC900A9B9B1 /* ViewController.swift */ = {isa = PBXFileReference; lastKnownFileType = sourcecode.swift; path = ViewController.swift; sourceTree = "<group>"; };
		5AAC2B18264ABBC900A9B9B1 /* Base */ = {isa = PBXFileReference; lastKnownFileType = file.storyboard; name = Base; path = Base.lproj/Main.storyboard; sourceTree = "<group>"; };
		5AAC2B1A264ABBD100A9B9B1 /* Assets.xcassets */ = {isa = PBXFileReference; lastKnownFileType = folder.assetcatalog; path = Assets.xcassets; sourceTree = "<group>"; };
		5AAC2B1D264ABBD100A9B9B1 /* Base */ = {isa = PBXFileReference; lastKnownFileType = file.storyboard; name = Base; path = Base.lproj/LaunchScreen.storyboard; sourceTree = "<group>"; };
		5AAC2B1F264ABBD100A9B9B1 /* Info.plist */ = {isa = PBXFileReference; lastKnownFileType = text.plist.xml; path = Info.plist; sourceTree = "<group>"; };
		5AAC2B24264ABBD100A9B9B1 /* GachaTests.xctest */ = {isa = PBXFileReference; explicitFileType = wrapper.cfbundle; includeInIndex = 0; path = GachaTests.xctest; sourceTree = BUILT_PRODUCTS_DIR; };
		5AAC2B28264ABBD100A9B9B1 /* GachaTests.swift */ = {isa = PBXFileReference; lastKnownFileType = sourcecode.swift; path = GachaTests.swift; sourceTree = "<group>"; };
		5AAC2B2A264ABBD100A9B9B1 /* Info.plist */ = {isa = PBXFileReference; lastKnownFileType = text.plist.xml; path = Info.plist; sourceTree = "<group>"; };
		5AAC2B2F264ABBD200A9B9B1 /* GachaUITests.xctest */ = {isa = PBXFileReference; explicitFileType = wrapper.cfbundle; includeInIndex = 0; path = GachaUITests.xctest; sourceTree = BUILT_PRODUCTS_DIR; };
		5AAC2B33264ABBD200A9B9B1 /* GachaUITests.swift */ = {isa = PBXFileReference; lastKnownFileType = sourcecode.swift; path = GachaUITests.swift; sourceTree = "<group>"; };
		5AAC2B35264ABBD200A9B9B1 /* Info.plist */ = {isa = PBXFileReference; lastKnownFileType = text.plist.xml; path = Info.plist; sourceTree = "<group>"; };
		5AAC2B45264ABF5C00A9B9B1 /* ResultViewController.swift */ = {isa = PBXFileReference; lastKnownFileType = sourcecode.swift; path = ResultViewController.swift; sourceTree = "<group>"; };
		5AACB392264FF41E002635D0 /* bg_blue@2x.png */ = {isa = PBXFileReference; lastKnownFileType = image.png; path = "bg_blue@2x.png"; sourceTree = "<group>"; };
		5AACB393264FF41E002635D0 /* bg_gold@2x.png */ = {isa = PBXFileReference; lastKnownFileType = image.png; path = "bg_gold@2x.png"; sourceTree = "<group>"; };
		5AACB394264FF41E002635D0 /* gacha@2x.png */ = {isa = PBXFileReference; lastKnownFileType = image.png; path = "gacha@2x.png"; sourceTree = "<group>"; };
		5AACB395264FF41E002635D0 /* bg_red@2x.png */ = {isa = PBXFileReference; lastKnownFileType = image.png; path = "bg_red@2x.png"; sourceTree = "<group>"; };
		5AACB3A2264FF41E002635D0 /* monster005.png */ = {isa = PBXFileReference; lastKnownFileType = image.png; path = monster005.png; sourceTree = "<group>"; };
		5AACB3A3264FF41E002635D0 /* monster010.png */ = {isa = PBXFileReference; lastKnownFileType = image.png; path = monster010.png; sourceTree = "<group>"; };
		5AACB3A4264FF41E002635D0 /* monster004.png */ = {isa = PBXFileReference; lastKnownFileType = image.png; path = monster004.png; sourceTree = "<group>"; };
		5AACB3A5264FF41E002635D0 /* monster006.png */ = {isa = PBXFileReference; lastKnownFileType = image.png; path = monster006.png; sourceTree = "<group>"; };
		5AACB3A6264FF41E002635D0 /* monster007.png */ = {isa = PBXFileReference; lastKnownFileType = image.png; path = monster007.png; sourceTree = "<group>"; };
		5AACB3A7264FF41E002635D0 /* monster003.png */ = {isa = PBXFileReference; lastKnownFileType = image.png; path = monster003.png; sourceTree = "<group>"; };
		5AACB3A8264FF41E002635D0 /* monster002.png */ = {isa = PBXFileReference; lastKnownFileType = image.png; path = monster002.png; sourceTree = "<group>"; };
		5AACB3A9264FF41E002635D0 /* monster001.png */ = {isa = PBXFileReference; lastKnownFileType = image.png; path = monster001.png; sourceTree = "<group>"; };
		5AACB3AA264FF41E002635D0 /* monster009.png */ = {isa = PBXFileReference; lastKnownFileType = image.png; path = monster009.png; sourceTree = "<group>"; };
		5AACB3AB264FF41E002635D0 /* monster008.png */ = {isa = PBXFileReference; lastKnownFileType = image.png; path = monster008.png; sourceTree = "<group>"; };
/* End PBXFileReference section */

/* Begin PBXFrameworksBuildPhase section */
		5AAC2B0B264ABBC900A9B9B1 /* Frameworks */ = {
			isa = PBXFrameworksBuildPhase;
			buildActionMask = 2147483647;
			files = (
			);
			runOnlyForDeploymentPostprocessing = 0;
		};
		5AAC2B21264ABBD100A9B9B1 /* Frameworks */ = {
			isa = PBXFrameworksBuildPhase;
			buildActionMask = 2147483647;
			files = (
			);
			runOnlyForDeploymentPostprocessing = 0;
		};
		5AAC2B2C264ABBD200A9B9B1 /* Frameworks */ = {
			isa = PBXFrameworksBuildPhase;
			buildActionMask = 2147483647;
			files = (
			);
			runOnlyForDeploymentPostprocessing = 0;
		};
/* End PBXFrameworksBuildPhase section */

/* Begin PBXGroup section */
		5AAC2B05264ABBC900A9B9B1 = {
			isa = PBXGroup;
			children = (
				5AACB390264FF41E002635D0 /* GachaResources */,
				5AAC2B10264ABBC900A9B9B1 /* Gacha */,
				5AAC2B27264ABBD100A9B9B1 /* GachaTests */,
				5AAC2B32264ABBD200A9B9B1 /* GachaUITests */,
				5AAC2B0F264ABBC900A9B9B1 /* Products */,
			);
			sourceTree = "<group>";
		};
		5AAC2B0F264ABBC900A9B9B1 /* Products */ = {
			isa = PBXGroup;
			children = (
				5AAC2B0E264ABBC900A9B9B1 /* Gacha.app */,
				5AAC2B24264ABBD100A9B9B1 /* GachaTests.xctest */,
				5AAC2B2F264ABBD200A9B9B1 /* GachaUITests.xctest */,
			);
			name = Products;
			sourceTree = "<group>";
		};
		5AAC2B10264ABBC900A9B9B1 /* Gacha */ = {
			isa = PBXGroup;
			children = (
				5AAC2B11264ABBC900A9B9B1 /* AppDelegate.swift */,
				5AAC2B13264ABBC900A9B9B1 /* SceneDelegate.swift */,
				5AAC2B15264ABBC900A9B9B1 /* ViewController.swift */,
				5AAC2B17264ABBC900A9B9B1 /* Main.storyboard */,
				5AAC2B1A264ABBD100A9B9B1 /* Assets.xcassets */,
				5AAC2B1C264ABBD100A9B9B1 /* LaunchScreen.storyboard */,
				5AAC2B1F264ABBD100A9B9B1 /* Info.plist */,
				5AAC2B45264ABF5C00A9B9B1 /* ResultViewController.swift */,
			);
			path = Gacha;
			sourceTree = "<group>";
		};
		5AAC2B27264ABBD100A9B9B1 /* GachaTests */ = {
			isa = PBXGroup;
			children = (
				5AAC2B28264ABBD100A9B9B1 /* GachaTests.swift */,
				5AAC2B2A264ABBD100A9B9B1 /* Info.plist */,
			);
			path = GachaTests;
			sourceTree = "<group>";
		};
		5AAC2B32264ABBD200A9B9B1 /* GachaUITests */ = {
			isa = PBXGroup;
			children = (
				5AAC2B33264ABBD200A9B9B1 /* GachaUITests.swift */,
				5AAC2B35264ABBD200A9B9B1 /* Info.plist */,
			);
			path = GachaUITests;
			sourceTree = "<group>";
		};
		5AACB390264FF41E002635D0 /* GachaResources */ = {
			isa = PBXGroup;
			children = (
				5AACB391264FF41E002635D0 /* background */,
				5AACB3A1264FF41E002635D0 /* monster */,
			);
			path = GachaResources;
			sourceTree = "<group>";
		};
		5AACB391264FF41E002635D0 /* background */ = {
			isa = PBXGroup;
			children = (
				5AACB392264FF41E002635D0 /* bg_blue@2x.png */,
				5AACB393264FF41E002635D0 /* bg_gold@2x.png */,
				5AACB394264FF41E002635D0 /* gacha@2x.png */,
				5AACB395264FF41E002635D0 /* bg_red@2x.png */,
				5AACB396264FF41E002635D0 /* monster */,
			);
			path = background;
			sourceTree = "<group>";
		};
		5AACB396264FF41E002635D0 /* monster */ = {
			isa = PBXGroup;
			children = (
			);
			path = monster;
			sourceTree = "<group>";
		};
		5AACB3A1264FF41E002635D0 /* monster */ = {
			isa = PBXGroup;
			children = (
				5AACB3A2264FF41E002635D0 /* monster005.png */,
				5AACB3A3264FF41E002635D0 /* monster010.png */,
				5AACB3A4264FF41E002635D0 /* monster004.png */,
				5AACB3A5264FF41E002635D0 /* monster006.png */,
				5AACB3A6264FF41E002635D0 /* monster007.png */,
				5AACB3A7264FF41E002635D0 /* monster003.png */,
				5AACB3A8264FF41E002635D0 /* monster002.png */,
				5AACB3A9264FF41E002635D0 /* monster001.png */,
				5AACB3AA264FF41E002635D0 /* monster009.png */,
				5AACB3AB264FF41E002635D0 /* monster008.png */,
			);
			path = monster;
			sourceTree = "<group>";
		};
/* End PBXGroup section */

/* Begin PBXNativeTarget section */
		5AAC2B0D264ABBC900A9B9B1 /* Gacha */ = {
			isa = PBXNativeTarget;
			buildConfigurationList = 5AAC2B38264ABBD200A9B9B1 /* Build configuration list for PBXNativeTarget "Gacha" */;
			buildPhases = (
				5AAC2B0A264ABBC900A9B9B1 /* Sources */,
				5AAC2B0B264ABBC900A9B9B1 /* Frameworks */,
				5AAC2B0C264ABBC900A9B9B1 /* Resources */,
			);
			buildRules = (
			);
			dependencies = (
			);
			name = Gacha;
			productName = Gacha;
			productReference = 5AAC2B0E264ABBC900A9B9B1 /* Gacha.app */;
			productType = "com.apple.product-type.application";
		};
		5AAC2B23264ABBD100A9B9B1 /* GachaTests */ = {
			isa = PBXNativeTarget;
			buildConfigurationList = 5AAC2B3B264ABBD200A9B9B1 /* Build configuration list for PBXNativeTarget "GachaTests" */;
			buildPhases = (
				5AAC2B20264ABBD100A9B9B1 /* Sources */,
				5AAC2B21264ABBD100A9B9B1 /* Frameworks */,
				5AAC2B22264ABBD100A9B9B1 /* Resources */,
			);
			buildRules = (
			);
			dependencies = (
				5AAC2B26264ABBD100A9B9B1 /* PBXTargetDependency */,
			);
			name = GachaTests;
			productName = GachaTests;
			productReference = 5AAC2B24264ABBD100A9B9B1 /* GachaTests.xctest */;
			productType = "com.apple.product-type.bundle.unit-test";
		};
		5AAC2B2E264ABBD200A9B9B1 /* GachaUITests */ = {
			isa = PBXNativeTarget;
			buildConfigurationList = 5AAC2B3E264ABBD200A9B9B1 /* Build configuration list for PBXNativeTarget "GachaUITests" */;
			buildPhases = (
				5AAC2B2B264ABBD200A9B9B1 /* Sources */,
				5AAC2B2C264ABBD200A9B9B1 /* Frameworks */,
				5AAC2B2D264ABBD200A9B9B1 /* Resources */,
			);
			buildRules = (
			);
			dependencies = (
				5AAC2B31264ABBD200A9B9B1 /* PBXTargetDependency */,
			);
			name = GachaUITests;
			productName = GachaUITests;
			productReference = 5AAC2B2F264ABBD200A9B9B1 /* GachaUITests.xctest */;
			productType = "com.apple.product-type.bundle.ui-testing";
		};
/* End PBXNativeTarget section */

/* Begin PBXProject section */
		5AAC2B06264ABBC900A9B9B1 /* Project object */ = {
			isa = PBXProject;
			attributes = {
				LastSwiftUpdateCheck = 1250;
				LastUpgradeCheck = 1250;
				TargetAttributes = {
					5AAC2B0D264ABBC900A9B9B1 = {
						CreatedOnToolsVersion = 12.5;
					};
					5AAC2B23264ABBD100A9B9B1 = {
						CreatedOnToolsVersion = 12.5;
						TestTargetID = 5AAC2B0D264ABBC900A9B9B1;
					};
					5AAC2B2E264ABBD200A9B9B1 = {
						CreatedOnToolsVersion = 12.5;
						TestTargetID = 5AAC2B0D264ABBC900A9B9B1;
					};
				};
			};
			buildConfigurationList = 5AAC2B09264ABBC900A9B9B1 /* Build configuration list for PBXProject "Gacha" */;
			compatibilityVersion = "Xcode 9.3";
			developmentRegion = en;
			hasScannedForEncodings = 0;
			knownRegions = (
				en,
				Base,
			);
			mainGroup = 5AAC2B05264ABBC900A9B9B1;
			productRefGroup = 5AAC2B0F264ABBC900A9B9B1 /* Products */;
			projectDirPath = "";
			projectRoot = "";
			targets = (
				5AAC2B0D264ABBC900A9B9B1 /* Gacha */,
				5AAC2B23264ABBD100A9B9B1 /* GachaTests */,
				5AAC2B2E264ABBD200A9B9B1 /* GachaUITests */,
			);
		};
/* End PBXProject section */

/* Begin PBXResourcesBuildPhase section */
		5AAC2B0C264ABBC900A9B9B1 /* Resources */ = {
			isa = PBXResourcesBuildPhase;
			buildActionMask = 2147483647;
			files = (
				5AAC2B1E264ABBD100A9B9B1 /* LaunchScreen.storyboard in Resources */,
				5AACB3C0264FF41E002635D0 /* monster002.png in Resources */,
				5AAC2B1B264ABBD100A9B9B1 /* Assets.xcassets in Resources */,
				5AACB3AF264FF41E002635D0 /* bg_red@2x.png in Resources */,
				5AACB3AC264FF41E002635D0 /* bg_blue@2x.png in Resources */,
				5AACB3BB264FF41E002635D0 /* monster010.png in Resources */,
				5AACB3C3264FF41E002635D0 /* monster008.png in Resources */,
				5AACB3C2264FF41E002635D0 /* monster009.png in Resources */,
				5AACB3BF264FF41E002635D0 /* monster003.png in Resources */,
				5AACB3BC264FF41E002635D0 /* monster004.png in Resources */,
				5AACB3BE264FF41E002635D0 /* monster007.png in Resources */,
				5AACB3BD264FF41E002635D0 /* monster006.png in Resources */,
				5AACB3BA264FF41E002635D0 /* monster005.png in Resources */,
				5AACB3AE264FF41E002635D0 /* gacha@2x.png in Resources */,
				5AAC2B19264ABBC900A9B9B1 /* Main.storyboard in Resources */,
				5AACB3AD264FF41E002635D0 /* bg_gold@2x.png in Resources */,
				5AACB3C1264FF41E002635D0 /* monster001.png in Resources */,
			);
			runOnlyForDeploymentPostprocessing = 0;
		};
		5AAC2B22264ABBD100A9B9B1 /* Resources */ = {
			isa = PBXResourcesBuildPhase;
			buildActionMask = 2147483647;
			files = (
			);
			runOnlyForDeploymentPostprocessing = 0;
		};
		5AAC2B2D264ABBD200A9B9B1 /* Resources */ = {
			isa = PBXResourcesBuildPhase;
			buildActionMask = 2147483647;
			files = (
			);
			runOnlyForDeploymentPostprocessing = 0;
		};
/* End PBXResourcesBuildPhase section */

/* Begin PBXSourcesBuildPhase section */
		5AAC2B0A264ABBC900A9B9B1 /* Sources */ = {
			isa = PBXSourcesBuildPhase;
			buildActionMask = 2147483647;
			files = (
				5AAC2B16264ABBC900A9B9B1 /* ViewController.swift in Sources */,
				5AAC2B12264ABBC900A9B9B1 /* AppDelegate.swift in Sources */,
				5AAC2B14264ABBC900A9B9B1 /* SceneDelegate.swift in Sources */,
				5AAC2B46264ABF5C00A9B9B1 /* ResultViewController.swift in Sources */,
			);
			runOnlyForDeploymentPostprocessing = 0;
		};
		5AAC2B20264ABBD100A9B9B1 /* Sources */ = {
			isa = PBXSourcesBuildPhase;
			buildActionMask = 2147483647;
			files = (
				5AAC2B29264ABBD100A9B9B1 /* GachaTests.swift in Sources */,
			);
			runOnlyForDeploymentPostprocessing = 0;
		};
		5AAC2B2B264ABBD200A9B9B1 /* Sources */ = {
			isa = PBXSourcesBuildPhase;
			buildActionMask = 2147483647;
			files = (
				5AAC2B34264ABBD200A9B9B1 /* GachaUITests.swift in Sources */,
			);
			runOnlyForDeploymentPostprocessing = 0;
		};
/* End PBXSourcesBuildPhase section */

/* Begin PBXTargetDependency section */
		5AAC2B26264ABBD100A9B9B1 /* PBXTargetDependency */ = {
			isa = PBXTargetDependency;
			target = 5AAC2B0D264ABBC900A9B9B1 /* Gacha */;
			targetProxy = 5AAC2B25264ABBD100A9B9B1 /* PBXContainerItemProxy */;
		};
		5AAC2B31264ABBD200A9B9B1 /* PBXTargetDependency */ = {
			isa = PBXTargetDependency;
			target = 5AAC2B0D264ABBC900A9B9B1 /* Gacha */;
			targetProxy = 5AAC2B30264ABBD200A9B9B1 /* PBXContainerItemProxy */;
		};
/* End PBXTargetDependency section */

/* Begin PBXVariantGroup section */
		5AAC2B17264ABBC900A9B9B1 /* Main.storyboard */ = {
			isa = PBXVariantGroup;
			children = (
				5AAC2B18264ABBC900A9B9B1 /* Base */,
			);
			name = Main.storyboard;
			sourceTree = "<group>";
		};
		5AAC2B1C264ABBD100A9B9B1 /* LaunchScreen.storyboard */ = {
			isa = PBXVariantGroup;
			children = (
				5AAC2B1D264ABBD100A9B9B1 /* Base */,
			);
			name = LaunchScreen.storyboard;
			sourceTree = "<group>";
		};
/* End PBXVariantGroup section */

/* Begin XCBuildConfiguration section */
		5AAC2B36264ABBD200A9B9B1 /* Debug */ = {
			isa = XCBuildConfiguration;
			buildSettings = {
				ALWAYS_SEARCH_USER_PATHS = NO;
				CLANG_ANALYZER_NONNULL = YES;
				CLANG_ANALYZER_NUMBER_OBJECT_CONVERSION = YES_AGGRESSIVE;
				CLANG_CXX_LANGUAGE_STANDARD = "gnu++14";
				CLANG_CXX_LIBRARY = "libc++";
				CLANG_ENABLE_MODULES = YES;
				CLANG_ENABLE_OBJC_ARC = YES;
				CLANG_ENABLE_OBJC_WEAK = YES;
				CLANG_WARN_BLOCK_CAPTURE_AUTORELEASING = YES;
				CLANG_WARN_BOOL_CONVERSION = YES;
				CLANG_WARN_COMMA = YES;
				CLANG_WARN_CONSTANT_CONVERSION = YES;
				CLANG_WARN_DEPRECATED_OBJC_IMPLEMENTATIONS = YES;
				CLANG_WARN_DIRECT_OBJC_ISA_USAGE = YES_ERROR;
				CLANG_WARN_DOCUMENTATION_COMMENTS = YES;
				CLANG_WARN_EMPTY_BODY = YES;
				CLANG_WARN_ENUM_CONVERSION = YES;
				CLANG_WARN_INFINITE_RECURSION = YES;
				CLANG_WARN_INT_CONVERSION = YES;
				CLANG_WARN_NON_LITERAL_NULL_CONVERSION = YES;
				CLANG_WARN_OBJC_IMPLICIT_RETAIN_SELF = YES;
				CLANG_WARN_OBJC_LITERAL_CONVERSION = YES;
				CLANG_WARN_OBJC_ROOT_CLASS = YES_ERROR;
				CLANG_WARN_QUOTED_INCLUDE_IN_FRAMEWORK_HEADER = YES;
				CLANG_WARN_RANGE_LOOP_ANALYSIS = YES;
				CLANG_WARN_STRICT_PROTOTYPES = YES;
				CLANG_WARN_SUSPICIOUS_MOVE = YES;
				CLANG_WARN_UNGUARDED_AVAILABILITY = YES_AGGRESSIVE;
				CLANG_WARN_UNREACHABLE_CODE = YES;
				CLANG_WARN__DUPLICATE_METHOD_MATCH = YES;
				COPY_PHASE_STRIP = NO;
				DEBUG_INFORMATION_FORMAT = dwarf;
				ENABLE_STRICT_OBJC_MSGSEND = YES;
				ENABLE_TESTABILITY = YES;
				GCC_C_LANGUAGE_STANDARD = gnu11;
				GCC_DYNAMIC_NO_PIC = NO;
				GCC_NO_COMMON_BLOCKS = YES;
				GCC_OPTIMIZATION_LEVEL = 0;
				GCC_PREPROCESSOR_DEFINITIONS = (
					"DEBUG=1",
					"$(inherited)",
				);
				GCC_WARN_64_TO_32_BIT_CONVERSION = YES;
				GCC_WARN_ABOUT_RETURN_TYPE = YES_ERROR;
				GCC_WARN_UNDECLARED_SELECTOR = YES;
				GCC_WARN_UNINITIALIZED_AUTOS = YES_AGGRESSIVE;
				GCC_WARN_UNUSED_FUNCTION = YES;
				GCC_WARN_UNUSED_VARIABLE = YES;
				IPHONEOS_DEPLOYMENT_TARGET = 14.5;
				MTL_ENABLE_DEBUG_INFO = INCLUDE_SOURCE;
				MTL_FAST_MATH = YES;
				ONLY_ACTIVE_ARCH = YES;
				SDKROOT = iphoneos;
				SWIFT_ACTIVE_COMPILATION_CONDITIONS = DEBUG;
				SWIFT_OPTIMIZATION_LEVEL = "-Onone";
			};
			name = Debug;
		};
		5AAC2B37264ABBD200A9B9B1 /* Release */ = {
			isa = XCBuildConfiguration;
			buildSettings = {
				ALWAYS_SEARCH_USER_PATHS = NO;
				CLANG_ANALYZER_NONNULL = YES;
				CLANG_ANALYZER_NUMBER_OBJECT_CONVERSION = YES_AGGRESSIVE;
				CLANG_CXX_LANGUAGE_STANDARD = "gnu++14";
				CLANG_CXX_LIBRARY = "libc++";
				CLANG_ENABLE_MODULES = YES;
				CLANG_ENABLE_OBJC_ARC = YES;
				CLANG_ENABLE_OBJC_WEAK = YES;
				CLANG_WARN_BLOCK_CAPTURE_AUTORELEASING = YES;
				CLANG_WARN_BOOL_CONVERSION = YES;
				CLANG_WARN_COMMA = YES;
				CLANG_WARN_CONSTANT_CONVERSION = YES;
				CLANG_WARN_DEPRECATED_OBJC_IMPLEMENTATIONS = YES;
				CLANG_WARN_DIRECT_OBJC_ISA_USAGE = YES_ERROR;
				CLANG_WARN_DOCUMENTATION_COMMENTS = YES;
				CLANG_WARN_EMPTY_BODY = YES;
				CLANG_WARN_ENUM_CONVERSION = YES;
				CLANG_WARN_INFINITE_RECURSION = YES;
				CLANG_WARN_INT_CONVERSION = YES;
				CLANG_WARN_NON_LITERAL_NULL_CONVERSION = YES;
				CLANG_WARN_OBJC_IMPLICIT_RETAIN_SELF = YES;
				CLANG_WARN_OBJC_LITERAL_CONVERSION = YES;
				CLANG_WARN_OBJC_ROOT_CLASS = YES_ERROR;
				CLANG_WARN_QUOTED_INCLUDE_IN_FRAMEWORK_HEADER = YES;
				CLANG_WARN_RANGE_LOOP_ANALYSIS = YES;
				CLANG_WARN_STRICT_PROTOTYPES = YES;
				CLANG_WARN_SUSPICIOUS_MOVE = YES;
				CLANG_WARN_UNGUARDED_AVAILABILITY = YES_AGGRESSIVE;
				CLANG_WARN_UNREACHABLE_CODE = YES;
				CLANG_WARN__DUPLICATE_METHOD_MATCH = YES;
				COPY_PHASE_STRIP = NO;
				DEBUG_INFORMATION_FORMAT = "dwarf-with-dsym";
				ENABLE_NS_ASSERTIONS = NO;
				ENABLE_STRICT_OBJC_MSGSEND = YES;
				GCC_C_LANGUAGE_STANDARD = gnu11;
				GCC_NO_COMMON_BLOCKS = YES;
				GCC_WARN_64_TO_32_BIT_CONVERSION = YES;
				GCC_WARN_ABOUT_RETURN_TYPE = YES_ERROR;
				GCC_WARN_UNDECLARED_SELECTOR = YES;
				GCC_WARN_UNINITIALIZED_AUTOS = YES_AGGRESSIVE;
				GCC_WARN_UNUSED_FUNCTION = YES;
				GCC_WARN_UNUSED_VARIABLE = YES;
				IPHONEOS_DEPLOYMENT_TARGET = 14.5;
				MTL_ENABLE_DEBUG_INFO = NO;
				MTL_FAST_MATH = YES;
				SDKROOT = iphoneos;
				SWIFT_COMPILATION_MODE = wholemodule;
				SWIFT_OPTIMIZATION_LEVEL = "-O";
				VALIDATE_PRODUCT = YES;
			};
			name = Release;
		};
		5AAC2B39264ABBD200A9B9B1 /* Debug */ = {
			isa = XCBuildConfiguration;
			buildSettings = {
				ASSETCATALOG_COMPILER_APPICON_NAME = AppIcon;
				ASSETCATALOG_COMPILER_GLOBAL_ACCENT_COLOR_NAME = AccentColor;
				CODE_SIGN_STYLE = Automatic;
				DEVELOPMENT_TEAM = T35Y8RV54R;
				INFOPLIST_FILE = Gacha/Info.plist;
				LD_RUNPATH_SEARCH_PATHS = (
					"$(inherited)",
					"@executable_path/Frameworks",
				);
				PRODUCT_BUNDLE_IDENTIFIER = app.kawano.com.Gacha;
				PRODUCT_NAME = "$(TARGET_NAME)";
				SWIFT_VERSION = 5.0;
				TARGETED_DEVICE_FAMILY = "1,2";
			};
			name = Debug;
		};
		5AAC2B3A264ABBD200A9B9B1 /* Release */ = {
			isa = XCBuildConfiguration;
			buildSettings = {
				ASSETCATALOG_COMPILER_APPICON_NAME = AppIcon;
				ASSETCATALOG_COMPILER_GLOBAL_ACCENT_COLOR_NAME = AccentColor;
				CODE_SIGN_STYLE = Automatic;
				DEVELOPMENT_TEAM = T35Y8RV54R;
				INFOPLIST_FILE = Gacha/Info.plist;
				LD_RUNPATH_SEARCH_PATHS = (
					"$(inherited)",
					"@executable_path/Frameworks",
				);
				PRODUCT_BUNDLE_IDENTIFIER = app.kawano.com.Gacha;
				PRODUCT_NAME = "$(TARGET_NAME)";
				SWIFT_VERSION = 5.0;
				TARGETED_DEVICE_FAMILY = "1,2";
			};
			name = Release;
		};
		5AAC2B3C264ABBD200A9B9B1 /* Debug */ = {
			isa = XCBuildConfiguration;
			buildSettings = {
				ALWAYS_EMBED_SWIFT_STANDARD_LIBRARIES = YES;
				BUNDLE_LOADER = "$(TEST_HOST)";
				CODE_SIGN_STYLE = Automatic;
				INFOPLIST_FILE = GachaTests/Info.plist;
				IPHONEOS_DEPLOYMENT_TARGET = 14.5;
				LD_RUNPATH_SEARCH_PATHS = (
					"$(inherited)",
					"@executable_path/Frameworks",
					"@loader_path/Frameworks",
				);
				PRODUCT_BUNDLE_IDENTIFIER = app.kawano.com.GachaTests;
				PRODUCT_NAME = "$(TARGET_NAME)";
				SWIFT_VERSION = 5.0;
				TARGETED_DEVICE_FAMILY = "1,2";
				TEST_HOST = "$(BUILT_PRODUCTS_DIR)/Gacha.app/Gacha";
			};
			name = Debug;
		};
		5AAC2B3D264ABBD200A9B9B1 /* Release */ = {
			isa = XCBuildConfiguration;
			buildSettings = {
				ALWAYS_EMBED_SWIFT_STANDARD_LIBRARIES = YES;
				BUNDLE_LOADER = "$(TEST_HOST)";
				CODE_SIGN_STYLE = Automatic;
				INFOPLIST_FILE = GachaTests/Info.plist;
				IPHONEOS_DEPLOYMENT_TARGET = 14.5;
				LD_RUNPATH_SEARCH_PATHS = (
					"$(inherited)",
					"@executable_path/Frameworks",
					"@loader_path/Frameworks",
				);
				PRODUCT_BUNDLE_IDENTIFIER = app.kawano.com.GachaTests;
				PRODUCT_NAME = "$(TARGET_NAME)";
				SWIFT_VERSION = 5.0;
				TARGETED_DEVICE_FAMILY = "1,2";
				TEST_HOST = "$(BUILT_PRODUCTS_DIR)/Gacha.app/Gacha";
			};
			name = Release;
		};
		5AAC2B3F264ABBD200A9B9B1 /* Debug */ = {
			isa = XCBuildConfiguration;
			buildSettings = {
				ALWAYS_EMBED_SWIFT_STANDARD_LIBRARIES = YES;
				CODE_SIGN_STYLE = Automatic;
				INFOPLIST_FILE = GachaUITests/Info.plist;
				LD_RUNPATH_SEARCH_PATHS = (
					"$(inherited)",
					"@executable_path/Frameworks",
					"@loader_path/Frameworks",
				);
				PRODUCT_BUNDLE_IDENTIFIER = app.kawano.com.GachaUITests;
				PRODUCT_NAME = "$(TARGET_NAME)";
				SWIFT_VERSION = 5.0;
				TARGETED_DEVICE_FAMILY = "1,2";
				TEST_TARGET_NAME = Gacha;
			};
			name = Debug;
		};
		5AAC2B40264ABBD200A9B9B1 /* Release */ = {
			isa = XCBuildConfiguration;
			buildSettings = {
				ALWAYS_EMBED_SWIFT_STANDARD_LIBRARIES = YES;
				CODE_SIGN_STYLE = Automatic;
				INFOPLIST_FILE = GachaUITests/Info.plist;
				LD_RUNPATH_SEARCH_PATHS = (
					"$(inherited)",
					"@executable_path/Frameworks",
					"@loader_path/Frameworks",
				);
				PRODUCT_BUNDLE_IDENTIFIER = app.kawano.com.GachaUITests;
				PRODUCT_NAME = "$(TARGET_NAME)";
				SWIFT_VERSION = 5.0;
				TARGETED_DEVICE_FAMILY = "1,2";
				TEST_TARGET_NAME = Gacha;
			};
			name = Release;
		};
/* End XCBuildConfiguration section */

/* Begin XCConfigurationList section */
		5AAC2B09264ABBC900A9B9B1 /* Build configuration list for PBXProject "Gacha" */ = {
			isa = XCConfigurationList;
			buildConfigurations = (
				5AAC2B36264ABBD200A9B9B1 /* Debug */,
				5AAC2B37264ABBD200A9B9B1 /* Release */,
			);
			defaultConfigurationIsVisible = 0;
			defaultConfigurationName = Release;
		};
		5AAC2B38264ABBD200A9B9B1 /* Build configuration list for PBXNativeTarget "Gacha" */ = {
			isa = XCConfigurationList;
			buildConfigurations = (
				5AAC2B39264ABBD200A9B9B1 /* Debug */,
				5AAC2B3A264ABBD200A9B9B1 /* Release */,
			);
			defaultConfigurationIsVisible = 0;
			defaultConfigurationName = Release;
		};
		5AAC2B3B264ABBD200A9B9B1 /* Build configuration list for PBXNativeTarget "GachaTests" */ = {
			isa = XCConfigurationList;
			buildConfigurations = (
				5AAC2B3C264ABBD200A9B9B1 /* Debug */,
				5AAC2B3D264ABBD200A9B9B1 /* Release */,
			);
			defaultConfigurationIsVisible = 0;
			defaultConfigurationName = Release;
		};
		5AAC2B3E264ABBD200A9B9B1 /* Build configuration list for PBXNativeTarget "GachaUITests" */ = {
			isa = XCConfigurationList;
			buildConfigurations = (
				5AAC2B3F264ABBD200A9B9B1 /* Debug */,
				5AAC2B40264ABBD200A9B9B1 /* Release */,
			);
			defaultConfigurationIsVisible = 0;
			defaultConfigurationName = Release;
		};
/* End XCConfigurationList section */
	};
	rootObject = 5AAC2B06264ABBC900A9B9B1 /* Project object */;
}
